
Microsoft Visual Studio Solution File, Format Version 12.00
# Visual Studio Version 17
VisualStudioVersion = 17.9.34728.123
MinimumVisualStudioVersion = 10.0.40219.1
Project("{FAE04EC0-301F-11D3-BF4B-00C04F79EFBC}") = "MHANIC", "MHANIC\MHANIC.csproj", "{C68F6658-F09E-4B3F-92BE-F29FFCAB7142}"
EndProject
Global
	GlobalSection(SolutionConfigurationPlatforms) = preSolution
		Debug|Any CPU = Debug|Any CPU
		Release|Any CPU = Release|Any CPU
	EndGlobalSection
	GlobalSection(ProjectConfigurationPlatforms) = postSolution
		{C68F6658-F09E-4B3F-92BE-F29FFCAB7142}.Debug|Any CPU.ActiveCfg = Debug|Any CPU
		{C68F6658-F09E-4B3F-92BE-F29FFCAB7142}.Debug|Any CPU.Build.0 = Debug|Any CPU
		{C68F6658-F09E-4B3F-92BE-F29FFCAB7142}.Release|Any CPU.ActiveCfg = Release|Any CPU
		{C68F6658-F09E-4B3F-92BE-F29FFCAB7142}.Release|Any CPU.Build.0 = Release|Any CPU
	EndGlobalSection
	GlobalSection(SolutionProperties) = preSolution
		HideSolutionNode = FALSE
	EndGlobalSection
	GlobalSection(ExtensibilityGlobals) = postSolution
		SolutionGuid = {35004040-3984-4F8C-8A1B-1D5A2E1CE952}
	EndGlobalSection
EndGlobal
